
Microsoft Visual Studio Solution File, Format Version 12.00
# Visual Studio Version 17
VisualStudioVersion = 17.12.35707.178
MinimumVisualStudioVersion = 10.0.40219.1
Project("{8BC9CEB8-8B4A-11D0-8D11-00A0C91BC942}") = "project01", "projects\project01\project01.vcxproj", "{107ACDD8-AD2A-4F5F-8A2E-FCC6BDCD6309}"
EndProject
Project("{8BC9CEB8-8B4A-11D0-8D11-00A0C91BC942}") = "practice03", "practice\practice03\practice03.vcxproj", "{72F6806D-E6C2-44CE-8577-94A0B80B4975}"
EndProject
Project("{8BC9CEB8-8B4A-11D0-8D11-00A0C91BC942}") = "practice03_test", "tests\practice03_test\practice03_test.vcxproj", "{02F74A95-F7A1-4610-B166-5016B74D612F}"
EndProject
Project("{8BC9CEB8-8B4A-11D0-8D11-00A0C91BC942}") = "practice06", "practice06\practice06.vcxproj", "{5966FC94-8DFA-4445-B48B-B5F490B83532}"
EndProject
Project("{8BC9CEB8-8B4A-11D0-8D11-00A0C91BC942}") = "practice07", "practice07\practice07.vcxproj", "{2BAFE2DD-0CCB-4624-BC95-E2881B47FFCA}"
EndProject
Project("{8BC9CEB8-8B4A-11D0-8D11-00A0C91BC942}") = "project02", "project02\project02.vcxproj", "{4E343AA5-9E33-4181-9739-BCCBD6A1552D}"
EndProject
Project("{8BC9CEB8-8B4A-11D0-8D11-00A0C91BC942}") = "practice08", "practice\practice08\practice08.vcxproj", "{44215DCB-DE50-4247-8B09-C93B506C5279}"
EndProject
Project("{8BC9CEB8-8B4A-11D0-8D11-00A0C91BC942}") = "practice10", "practice10\practice10.vcxproj", "{8D340675-52CD-4D99-811E-B04C91E764C1}"
EndProject
Project("{8BC9CEB8-8B4A-11D0-8D11-00A0C91BC942}") = "practice11", "practice11\practice11.vcxproj", "{27B07989-2A4B-4477-85C3-5681D6D2DB70}"
EndProject
Project("{8BC9CEB8-8B4A-11D0-8D11-00A0C91BC942}") = "project03", "projects\project03\project03.vcxproj", "{FB49B4D4-D111-414A-A8DA-5B14099D4CCC}"
EndProject
Global
	GlobalSection(SolutionConfigurationPlatforms) = preSolution
		Debug|x64 = Debug|x64
		Debug|x86 = Debug|x86
		Release|x64 = Release|x64
		Release|x86 = Release|x86
	EndGlobalSection
	GlobalSection(ProjectConfigurationPlatforms) = postSolution
		{107ACDD8-AD2A-4F5F-8A2E-FCC6BDCD6309}.Debug|x64.ActiveCfg = Debug|x64
		{107ACDD8-AD2A-4F5F-8A2E-FCC6BDCD6309}.Debug|x64.Build.0 = Debug|x64
		{107ACDD8-AD2A-4F5F-8A2E-FCC6BDCD6309}.Debug|x86.ActiveCfg = Debug|Win32
		{107ACDD8-AD2A-4F5F-8A2E-FCC6BDCD6309}.Debug|x86.Build.0 = Debug|Win32
		{107ACDD8-AD2A-4F5F-8A2E-FCC6BDCD6309}.Release|x64.ActiveCfg = Release|x64
		{107ACDD8-AD2A-4F5F-8A2E-FCC6BDCD6309}.Release|x64.Build.0 = Release|x64
		{107ACDD8-AD2A-4F5F-8A2E-FCC6BDCD6309}.Release|x86.ActiveCfg = Release|Win32
		{107ACDD8-AD2A-4F5F-8A2E-FCC6BDCD6309}.Release|x86.Build.0 = Release|Win32
		{72F6806D-E6C2-44CE-8577-94A0B80B4975}.Debug|x64.ActiveCfg = Debug|x64
		{72F6806D-E6C2-44CE-8577-94A0B80B4975}.Debug|x64.Build.0 = Debug|x64
		{72F6806D-E6C2-44CE-8577-94A0B80B4975}.Debug|x86.ActiveCfg = Debug|Win32
		{72F6806D-E6C2-44CE-8577-94A0B80B4975}.Debug|x86.Build.0 = Debug|Win32
		{72F6806D-E6C2-44CE-8577-94A0B80B4975}.Release|x64.ActiveCfg = Release|x64
		{72F6806D-E6C2-44CE-8577-94A0B80B4975}.Release|x64.Build.0 = Release|x64
		{72F6806D-E6C2-44CE-8577-94A0B80B4975}.Release|x86.ActiveCfg = Release|Win32
		{72F6806D-E6C2-44CE-8577-94A0B80B4975}.Release|x86.Build.0 = Release|Win32
		{02F74A95-F7A1-4610-B166-5016B74D612F}.Debug|x64.ActiveCfg = Debug|x64
		{02F74A95-F7A1-4610-B166-5016B74D612F}.Debug|x64.Build.0 = Debug|x64
		{02F74A95-F7A1-4610-B166-5016B74D612F}.Debug|x86.ActiveCfg = Debug|Win32
		{02F74A95-F7A1-4610-B166-5016B74D612F}.Debug|x86.Build.0 = Debug|Win32
		{02F74A95-F7A1-4610-B166-5016B74D612F}.Release|x64.ActiveCfg = Release|x64
		{02F74A95-F7A1-4610-B166-5016B74D612F}.Release|x64.Build.0 = Release|x64
		{02F74A95-F7A1-4610-B166-5016B74D612F}.Release|x86.ActiveCfg = Release|Win32
		{02F74A95-F7A1-4610-B166-5016B74D612F}.Release|x86.Build.0 = Release|Win32
		{5966FC94-8DFA-4445-B48B-B5F490B83532}.Debug|x64.ActiveCfg = Debug|x64
		{5966FC94-8DFA-4445-B48B-B5F490B83532}.Debug|x64.Build.0 = Debug|x64
		{5966FC94-8DFA-4445-B48B-B5F490B83532}.Debug|x86.ActiveCfg = Debug|Win32
		{5966FC94-8DFA-4445-B48B-B5F490B83532}.Debug|x86.Build.0 = Debug|Win32
		{5966FC94-8DFA-4445-B48B-B5F490B83532}.Release|x64.ActiveCfg = Release|x64
		{5966FC94-8DFA-4445-B48B-B5F490B83532}.Release|x64.Build.0 = Release|x64
		{5966FC94-8DFA-4445-B48B-B5F490B83532}.Release|x86.ActiveCfg = Release|Win32
		{5966FC94-8DFA-4445-B48B-B5F490B83532}.Release|x86.Build.0 = Release|Win32
		{2BAFE2DD-0CCB-4624-BC95-E2881B47FFCA}.Debug|x64.ActiveCfg = Debug|x64
		{2BAFE2DD-0CCB-4624-BC95-E2881B47FFCA}.Debug|x64.Build.0 = Debug|x64
		{2BAFE2DD-0CCB-4624-BC95-E2881B47FFCA}.Debug|x86.ActiveCfg = Debug|Win32
		{2BAFE2DD-0CCB-4624-BC95-E2881B47FFCA}.Debug|x86.Build.0 = Debug|Win32
		{2BAFE2DD-0CCB-4624-BC95-E2881B47FFCA}.Release|x64.ActiveCfg = Release|x64
		{2BAFE2DD-0CCB-4624-BC95-E2881B47FFCA}.Release|x64.Build.0 = Release|x64
		{2BAFE2DD-0CCB-4624-BC95-E2881B47FFCA}.Release|x86.ActiveCfg = Release|Win32
		{2BAFE2DD-0CCB-4624-BC95-E2881B47FFCA}.Release|x86.Build.0 = Release|Win32
		{4E343AA5-9E33-4181-9739-BCCBD6A1552D}.Debug|x64.ActiveCfg = Debug|x64
		{4E343AA5-9E33-4181-9739-BCCBD6A1552D}.Debug|x64.Build.0 = Debug|x64
		{4E343AA5-9E33-4181-9739-BCCBD6A1552D}.Debug|x86.ActiveCfg = Debug|Win32
		{4E343AA5-9E33-4181-9739-BCCBD6A1552D}.Debug|x86.Build.0 = Debug|Win32
		{4E343AA5-9E33-4181-9739-BCCBD6A1552D}.Release|x64.ActiveCfg = Release|x64
		{4E343AA5-9E33-4181-9739-BCCBD6A1552D}.Release|x64.Build.0 = Release|x64
		{4E343AA5-9E33-4181-9739-BCCBD6A1552D}.Release|x86.ActiveCfg = Release|Win32
		{4E343AA5-9E33-4181-9739-BCCBD6A1552D}.Release|x86.Build.0 = Release|Win32
		{44215DCB-DE50-4247-8B09-C93B506C5279}.Debug|x64.ActiveCfg = Debug|x64
		{44215DCB-DE50-4247-8B09-C93B506C5279}.Debug|x64.Build.0 = Debug|x64
		{44215DCB-DE50-4247-8B09-C93B506C5279}.Debug|x86.ActiveCfg = Debug|Win32
		{44215DCB-DE50-4247-8B09-C93B506C5279}.Debug|x86.Build.0 = Debug|Win32
		{44215DCB-DE50-4247-8B09-C93B506C5279}.Release|x64.ActiveCfg = Release|x64
		{44215DCB-DE50-4247-8B09-C93B506C5279}.Release|x64.Build.0 = Release|x64
		{44215DCB-DE50-4247-8B09-C93B506C5279}.Release|x86.ActiveCfg = Release|Win32
		{44215DCB-DE50-4247-8B09-C93B506C5279}.Release|x86.Build.0 = Release|Win32
		{8D340675-52CD-4D99-811E-B04C91E764C1}.Debug|x64.ActiveCfg = Debug|x64
		{8D340675-52CD-4D99-811E-B04C91E764C1}.Debug|x64.Build.0 = Debug|x64
		{8D340675-52CD-4D99-811E-B04C91E764C1}.Debug|x86.ActiveCfg = Debug|Win32
		{8D340675-52CD-4D99-811E-B04C91E764C1}.Debug|x86.Build.0 = Debug|Win32
		{8D340675-52CD-4D99-811E-B04C91E764C1}.Release|x64.ActiveCfg = Release|x64
		{8D340675-52CD-4D99-811E-B04C91E764C1}.Release|x64.Build.0 = Release|x64
		{8D340675-52CD-4D99-811E-B04C91E764C1}.Release|x86.ActiveCfg = Release|Win32
		{8D340675-52CD-4D99-811E-B04C91E764C1}.Release|x86.Build.0 = Release|Win32
		{27B07989-2A4B-4477-85C3-5681D6D2DB70}.Debug|x64.ActiveCfg = Debug|x64
		{27B07989-2A4B-4477-85C3-5681D6D2DB70}.Debug|x64.Build.0 = Debug|x64
		{27B07989-2A4B-4477-85C3-5681D6D2DB70}.Debug|x86.ActiveCfg = Debug|Win32
		{27B07989-2A4B-4477-85C3-5681D6D2DB70}.Debug|x86.Build.0 = Debug|Win32
		{27B07989-2A4B-4477-85C3-5681D6D2DB70}.Release|x64.ActiveCfg = Release|x64
		{27B07989-2A4B-4477-85C3-5681D6D2DB70}.Release|x64.Build.0 = Release|x64
		{27B07989-2A4B-4477-85C3-5681D6D2DB70}.Release|x86.ActiveCfg = Release|Win32
		{27B07989-2A4B-4477-85C3-5681D6D2DB70}.Release|x86.Build.0 = Release|Win32
		{FB49B4D4-D111-414A-A8DA-5B14099D4CCC}.Debug|x64.ActiveCfg = Debug|x64
		{FB49B4D4-D111-414A-A8DA-5B14099D4CCC}.Debug|x64.Build.0 = Debug|x64
		{FB49B4D4-D111-414A-A8DA-5B14099D4CCC}.Debug|x86.ActiveCfg = Debug|Win32
		{FB49B4D4-D111-414A-A8DA-5B14099D4CCC}.Debug|x86.Build.0 = Debug|Win32
		{FB49B4D4-D111-414A-A8DA-5B14099D4CCC}.Release|x64.ActiveCfg = Release|x64
		{FB49B4D4-D111-414A-A8DA-5B14099D4CCC}.Release|x64.Build.0 = Release|x64
		{FB49B4D4-D111-414A-A8DA-5B14099D4CCC}.Release|x86.ActiveCfg = Release|Win32
		{FB49B4D4-D111-414A-A8DA-5B14099D4CCC}.Release|x86.Build.0 = Release|Win32
	EndGlobalSection
	GlobalSection(SolutionProperties) = preSolution
		HideSolutionNode = FALSE
	EndGlobalSection
	GlobalSection(ExtensibilityGlobals) = postSolution
		SolutionGuid = {862CC217-B09F-42B8-B2F7-3D53E597A6BE}
	EndGlobalSection
EndGlobal
