
Microsoft Visual Studio Solution File, Format Version 12.00
# Visual Studio Version 17
VisualStudioVersion = 17.12.35707.178
MinimumVisualStudioVersion = 10.0.40219.1
Project("{8BC9CEB8-8B4A-11D0-8D11-00A0C91BC942}") = "project01", "projects\project01\project01.vcxproj", "{107ACDD8-AD2A-4F5F-8A2E-FCC6BDCD6309}"
EndProject
Project("{8BC9CEB8-8B4A-11D0-8D11-00A0C91BC942}") = "practice03", "practice\practice03\practice03.vcxproj", "{72F6806D-E6C2-44CE-8577-94A0B80B4975}"
EndProject
Project("{8BC9CEB8-8B4A-11D0-8D11-00A0C91BC942}") = "practice03_test", "tests\practice03_test\practice03_test.vcxproj", "{02F74A95-F7A1-4610-B166-5016B74D612F}"
EndProject
Project("{8BC9CEB8-8B4A-11D0-8D11-00A0C91BC942}") = "practice08", "practice\practice08\practice08.vcxproj", "{44215DCB-DE50-4247-8B09-C93B506C5279}"
EndProject
Project("{8BC9CEB8-8B4A-11D0-8D11-00A0C91BC942}") = "practice12", "practice\practice12\practice12.vcxproj", "{B6E6B81E-4C7C-4F25-A40C-A4B2D09A1BE9}"
EndProject
Project("{8BC9CEB8-8B4A-11D0-8D11-00A0C91BC942}") = "chipmunkSDLExample", "chipmunkSDLExample\chipmunkSDLExample.vcxproj", "{D4286DAE-06DF-4C37-9A21-59D758AF5DBC}"
EndProject
Project("{8BC9CEB8-8B4A-11D0-8D11-00A0C91BC942}") = "project03 temp2", "projects\project03 temp2\project03 temp2.vcxproj", "{0B82C62C-848D-4C46-A9A4-FDAB10492636}"
EndProject
Project("{8BC9CEB8-8B4A-11D0-8D11-00A0C91BC942}") = "project04", "projects\project04\project04.vcxproj", "{9F7DC2CF-449B-45C3-93C5-76B7CEC09CE9}"
EndProject
Global
	GlobalSection(SolutionConfigurationPlatforms) = preSolution
		Debug|x64 = Debug|x64
		Debug|x86 = Debug|x86
		Release|x64 = Release|x64
		Release|x86 = Release|x86
	EndGlobalSection
	GlobalSection(ProjectConfigurationPlatforms) = postSolution
		{107ACDD8-AD2A-4F5F-8A2E-FCC6BDCD6309}.Debug|x64.ActiveCfg = Debug|x64
		{107ACDD8-AD2A-4F5F-8A2E-FCC6BDCD6309}.Debug|x64.Build.0 = Debug|x64
		{107ACDD8-AD2A-4F5F-8A2E-FCC6BDCD6309}.Debug|x86.ActiveCfg = Debug|Win32
		{107ACDD8-AD2A-4F5F-8A2E-FCC6BDCD6309}.Debug|x86.Build.0 = Debug|Win32
		{107ACDD8-AD2A-4F5F-8A2E-FCC6BDCD6309}.Release|x64.ActiveCfg = Release|x64
		{107ACDD8-AD2A-4F5F-8A2E-FCC6BDCD6309}.Release|x64.Build.0 = Release|x64
		{107ACDD8-AD2A-4F5F-8A2E-FCC6BDCD6309}.Release|x86.ActiveCfg = Release|Win32
		{107ACDD8-AD2A-4F5F-8A2E-FCC6BDCD6309}.Release|x86.Build.0 = Release|Win32
		{72F6806D-E6C2-44CE-8577-94A0B80B4975}.Debug|x64.ActiveCfg = Debug|x64
		{72F6806D-E6C2-44CE-8577-94A0B80B4975}.Debug|x64.Build.0 = Debug|x64
		{72F6806D-E6C2-44CE-8577-94A0B80B4975}.Debug|x86.ActiveCfg = Debug|Win32
		{72F6806D-E6C2-44CE-8577-94A0B80B4975}.Debug|x86.Build.0 = Debug|Win32
		{72F6806D-E6C2-44CE-8577-94A0B80B4975}.Release|x64.ActiveCfg = Release|x64
		{72F6806D-E6C2-44CE-8577-94A0B80B4975}.Release|x64.Build.0 = Release|x64
		{72F6806D-E6C2-44CE-8577-94A0B80B4975}.Release|x86.ActiveCfg = Release|Win32
		{72F6806D-E6C2-44CE-8577-94A0B80B4975}.Release|x86.Build.0 = Release|Win32
		{02F74A95-F7A1-4610-B166-5016B74D612F}.Debug|x64.ActiveCfg = Debug|x64
		{02F74A95-F7A1-4610-B166-5016B74D612F}.Debug|x64.Build.0 = Debug|x64
		{02F74A95-F7A1-4610-B166-5016B74D612F}.Debug|x86.ActiveCfg = Debug|Win32
		{02F74A95-F7A1-4610-B166-5016B74D612F}.Debug|x86.Build.0 = Debug|Win32
		{02F74A95-F7A1-4610-B166-5016B74D612F}.Release|x64.ActiveCfg = Release|x64
		{02F74A95-F7A1-4610-B166-5016B74D612F}.Release|x64.Build.0 = Release|x64
		{02F74A95-F7A1-4610-B166-5016B74D612F}.Release|x86.ActiveCfg = Release|Win32
		{02F74A95-F7A1-4610-B166-5016B74D612F}.Release|x86.Build.0 = Release|Win32
		{44215DCB-DE50-4247-8B09-C93B506C5279}.Debug|x64.ActiveCfg = Debug|x64
		{44215DCB-DE50-4247-8B09-C93B506C5279}.Debug|x64.Build.0 = Debug|x64
		{44215DCB-DE50-4247-8B09-C93B506C5279}.Debug|x86.ActiveCfg = Debug|Win32
		{44215DCB-DE50-4247-8B09-C93B506C5279}.Debug|x86.Build.0 = Debug|Win32
		{44215DCB-DE50-4247-8B09-C93B506C5279}.Release|x64.ActiveCfg = Release|x64
		{44215DCB-DE50-4247-8B09-C93B506C5279}.Release|x64.Build.0 = Release|x64
		{44215DCB-DE50-4247-8B09-C93B506C5279}.Release|x86.ActiveCfg = Release|Win32
		{44215DCB-DE50-4247-8B09-C93B506C5279}.Release|x86.Build.0 = Release|Win32
		{B6E6B81E-4C7C-4F25-A40C-A4B2D09A1BE9}.Debug|x64.ActiveCfg = Debug|x64
		{B6E6B81E-4C7C-4F25-A40C-A4B2D09A1BE9}.Debug|x64.Build.0 = Debug|x64
		{B6E6B81E-4C7C-4F25-A40C-A4B2D09A1BE9}.Debug|x86.ActiveCfg = Debug|Win32
		{B6E6B81E-4C7C-4F25-A40C-A4B2D09A1BE9}.Debug|x86.Build.0 = Debug|Win32
		{B6E6B81E-4C7C-4F25-A40C-A4B2D09A1BE9}.Release|x64.ActiveCfg = Release|x64
		{B6E6B81E-4C7C-4F25-A40C-A4B2D09A1BE9}.Release|x64.Build.0 = Release|x64
		{B6E6B81E-4C7C-4F25-A40C-A4B2D09A1BE9}.Release|x86.ActiveCfg = Release|Win32
		{B6E6B81E-4C7C-4F25-A40C-A4B2D09A1BE9}.Release|x86.Build.0 = Release|Win32
		{D4286DAE-06DF-4C37-9A21-59D758AF5DBC}.Debug|x64.ActiveCfg = Debug|x64
		{D4286DAE-06DF-4C37-9A21-59D758AF5DBC}.Debug|x64.Build.0 = Debug|x64
		{D4286DAE-06DF-4C37-9A21-59D758AF5DBC}.Debug|x86.ActiveCfg = Debug|Win32
		{D4286DAE-06DF-4C37-9A21-59D758AF5DBC}.Debug|x86.Build.0 = Debug|Win32
		{D4286DAE-06DF-4C37-9A21-59D758AF5DBC}.Release|x64.ActiveCfg = Release|x64
		{D4286DAE-06DF-4C37-9A21-59D758AF5DBC}.Release|x64.Build.0 = Release|x64
		{D4286DAE-06DF-4C37-9A21-59D758AF5DBC}.Release|x86.ActiveCfg = Release|Win32
		{D4286DAE-06DF-4C37-9A21-59D758AF5DBC}.Release|x86.Build.0 = Release|Win32
		{0B82C62C-848D-4C46-A9A4-FDAB10492636}.Debug|x64.ActiveCfg = Debug|x64
		{0B82C62C-848D-4C46-A9A4-FDAB10492636}.Debug|x64.Build.0 = Debug|x64
		{0B82C62C-848D-4C46-A9A4-FDAB10492636}.Debug|x86.ActiveCfg = Debug|Win32
		{0B82C62C-848D-4C46-A9A4-FDAB10492636}.Debug|x86.Build.0 = Debug|Win32
		{0B82C62C-848D-4C46-A9A4-FDAB10492636}.Release|x64.ActiveCfg = Release|x64
		{0B82C62C-848D-4C46-A9A4-FDAB10492636}.Release|x64.Build.0 = Release|x64
		{0B82C62C-848D-4C46-A9A4-FDAB10492636}.Release|x86.ActiveCfg = Release|Win32
		{0B82C62C-848D-4C46-A9A4-FDAB10492636}.Release|x86.Build.0 = Release|Win32
		{9F7DC2CF-449B-45C3-93C5-76B7CEC09CE9}.Debug|x64.ActiveCfg = Debug|x64
		{9F7DC2CF-449B-45C3-93C5-76B7CEC09CE9}.Debug|x64.Build.0 = Debug|x64
		{9F7DC2CF-449B-45C3-93C5-76B7CEC09CE9}.Debug|x86.ActiveCfg = Debug|Win32
		{9F7DC2CF-449B-45C3-93C5-76B7CEC09CE9}.Debug|x86.Build.0 = Debug|Win32
		{9F7DC2CF-449B-45C3-93C5-76B7CEC09CE9}.Release|x64.ActiveCfg = Release|x64
		{9F7DC2CF-449B-45C3-93C5-76B7CEC09CE9}.Release|x64.Build.0 = Release|x64
		{9F7DC2CF-449B-45C3-93C5-76B7CEC09CE9}.Release|x86.ActiveCfg = Release|Win32
		{9F7DC2CF-449B-45C3-93C5-76B7CEC09CE9}.Release|x86.Build.0 = Release|Win32
	EndGlobalSection
	GlobalSection(SolutionProperties) = preSolution
		HideSolutionNode = FALSE
	EndGlobalSection
	GlobalSection(ExtensibilityGlobals) = postSolution
		SolutionGuid = {862CC217-B09F-42B8-B2F7-3D53E597A6BE}
	EndGlobalSection
EndGlobal
